
Microsoft Visual Studio Solution File, Format Version 12.00
Project("{FAE04EC0-301F-11D3-BF4B-00C04F79EFBC}") = "BukowanieBiletow", "BukowanieBiletow\BukowanieBiletow.csproj", "{6AC6D6D0-139F-4C32-A016-52B7C1249CF0}"
EndProject
Global
	GlobalSection(SolutionConfigurationPlatforms) = preSolution
		Debug|Any CPU = Debug|Any CPU
		Release|Any CPU = Release|Any CPU
	EndGlobalSection
	GlobalSection(ProjectConfigurationPlatforms) = postSolution
		{6AC6D6D0-139F-4C32-A016-52B7C1249CF0}.Debug|Any CPU.ActiveCfg = Debug|Any CPU
		{6AC6D6D0-139F-4C32-A016-52B7C1249CF0}.Debug|Any CPU.Build.0 = Debug|Any CPU
		{6AC6D6D0-139F-4C32-A016-52B7C1249CF0}.Release|Any CPU.ActiveCfg = Release|Any CPU
		{6AC6D6D0-139F-4C32-A016-52B7C1249CF0}.Release|Any CPU.Build.0 = Release|Any CPU
	EndGlobalSection
EndGlobal
